
Microsoft Visual Studio Solution File, Format Version 12.00
# Visual Studio 14
VisualStudioVersion = 14.0.25420.1
MinimumVisualStudioVersion = 10.0.40219.1
Project("{FAE04EC0-301F-11D3-BF4B-00C04F79EFBC}") = "VocabBuilderApp", "..\Google Drive\A4v5\WindowsFormsApplication1\VocabBuilderApp.csproj", "{F108BA36-72FD-42A4-93AB-0540FE255E62}"
EndProject
Project("{FAE04EC0-301F-11D3-BF4B-00C04F79EFBC}") = "ClassLibrary", "..\Google Drive\A4v5\ClassLibrary\ClassLibrary.csproj", "{D370F775-BCBA-4AC9-BB73-0A985278CCCD}"
EndProject
Project("{FAE04EC0-301F-11D3-BF4B-00C04F79EFBC}") = "ClassLibrary2", "..\Google Drive\A4v5\ClassLibrary2\ClassLibrary2.csproj", "{021F1603-8CEF-48A5-A7E0-F472CB3C8166}"
EndProject
Project("{2150E333-8FDC-42A3-9474-1A3956D46DE8}") = "Solution Items", "Solution Items", "{7A3CB382-7E51-4FA3-A931-E6306BAF6C19}"
EndProject
Project("{FAE04EC0-301F-11D3-BF4B-00C04F79EFBC}") = "ClassLibrary1", "..\Google Drive\A4v5\ClassLibrary1\ClassLibrary1.csproj", "{D8F4C926-4879-484D-994F-2D051FC41AF6}"
EndProject
Global
	GlobalSection(SolutionConfigurationPlatforms) = preSolution
		Debug|Any CPU = Debug|Any CPU
		Debug|Mixed Platforms = Debug|Mixed Platforms
		Debug|x86 = Debug|x86
		Release|Any CPU = Release|Any CPU
		Release|Mixed Platforms = Release|Mixed Platforms
		Release|x86 = Release|x86
	EndGlobalSection
	GlobalSection(ProjectConfigurationPlatforms) = postSolution
		{F108BA36-72FD-42A4-93AB-0540FE255E62}.Debug|Any CPU.ActiveCfg = Debug|x86
		{F108BA36-72FD-42A4-93AB-0540FE255E62}.Debug|Mixed Platforms.ActiveCfg = Debug|x86
		{F108BA36-72FD-42A4-93AB-0540FE255E62}.Debug|Mixed Platforms.Build.0 = Debug|x86
		{F108BA36-72FD-42A4-93AB-0540FE255E62}.Debug|x86.ActiveCfg = Debug|x86
		{F108BA36-72FD-42A4-93AB-0540FE255E62}.Debug|x86.Build.0 = Debug|x86
		{F108BA36-72FD-42A4-93AB-0540FE255E62}.Release|Any CPU.ActiveCfg = Release|x86
		{F108BA36-72FD-42A4-93AB-0540FE255E62}.Release|Mixed Platforms.ActiveCfg = Release|x86
		{F108BA36-72FD-42A4-93AB-0540FE255E62}.Release|Mixed Platforms.Build.0 = Release|x86
		{F108BA36-72FD-42A4-93AB-0540FE255E62}.Release|x86.ActiveCfg = Release|x86
		{F108BA36-72FD-42A4-93AB-0540FE255E62}.Release|x86.Build.0 = Release|x86
		{D370F775-BCBA-4AC9-BB73-0A985278CCCD}.Debug|Any CPU.ActiveCfg = Debug|Any CPU
		{D370F775-BCBA-4AC9-BB73-0A985278CCCD}.Debug|Any CPU.Build.0 = Debug|Any CPU
		{D370F775-BCBA-4AC9-BB73-0A985278CCCD}.Debug|Mixed Platforms.ActiveCfg = Debug|Any CPU
		{D370F775-BCBA-4AC9-BB73-0A985278CCCD}.Debug|Mixed Platforms.Build.0 = Debug|Any CPU
		{D370F775-BCBA-4AC9-BB73-0A985278CCCD}.Debug|x86.ActiveCfg = Debug|Any CPU
		{D370F775-BCBA-4AC9-BB73-0A985278CCCD}.Release|Any CPU.ActiveCfg = Release|Any CPU
		{D370F775-BCBA-4AC9-BB73-0A985278CCCD}.Release|Any CPU.Build.0 = Release|Any CPU
		{D370F775-BCBA-4AC9-BB73-0A985278CCCD}.Release|Mixed Platforms.ActiveCfg = Release|Any CPU
		{D370F775-BCBA-4AC9-BB73-0A985278CCCD}.Release|Mixed Platforms.Build.0 = Release|Any CPU
		{D370F775-BCBA-4AC9-BB73-0A985278CCCD}.Release|x86.ActiveCfg = Release|Any CPU
		{021F1603-8CEF-48A5-A7E0-F472CB3C8166}.Debug|Any CPU.ActiveCfg = Debug|Any CPU
		{021F1603-8CEF-48A5-A7E0-F472CB3C8166}.Debug|Any CPU.Build.0 = Debug|Any CPU
		{021F1603-8CEF-48A5-A7E0-F472CB3C8166}.Debug|Mixed Platforms.ActiveCfg = Debug|Any CPU
		{021F1603-8CEF-48A5-A7E0-F472CB3C8166}.Debug|Mixed Platforms.Build.0 = Debug|Any CPU
		{021F1603-8CEF-48A5-A7E0-F472CB3C8166}.Debug|x86.ActiveCfg = Debug|Any CPU
		{021F1603-8CEF-48A5-A7E0-F472CB3C8166}.Release|Any CPU.ActiveCfg = Release|Any CPU
		{021F1603-8CEF-48A5-A7E0-F472CB3C8166}.Release|Any CPU.Build.0 = Release|Any CPU
		{021F1603-8CEF-48A5-A7E0-F472CB3C8166}.Release|Mixed Platforms.ActiveCfg = Release|Any CPU
		{021F1603-8CEF-48A5-A7E0-F472CB3C8166}.Release|Mixed Platforms.Build.0 = Release|Any CPU
		{021F1603-8CEF-48A5-A7E0-F472CB3C8166}.Release|x86.ActiveCfg = Release|Any CPU
		{D8F4C926-4879-484D-994F-2D051FC41AF6}.Debug|Any CPU.ActiveCfg = Debug|Any CPU
		{D8F4C926-4879-484D-994F-2D051FC41AF6}.Debug|Any CPU.Build.0 = Debug|Any CPU
		{D8F4C926-4879-484D-994F-2D051FC41AF6}.Debug|Mixed Platforms.ActiveCfg = Debug|Any CPU
		{D8F4C926-4879-484D-994F-2D051FC41AF6}.Debug|Mixed Platforms.Build.0 = Debug|Any CPU
		{D8F4C926-4879-484D-994F-2D051FC41AF6}.Debug|x86.ActiveCfg = Debug|Any CPU
		{D8F4C926-4879-484D-994F-2D051FC41AF6}.Release|Any CPU.ActiveCfg = Release|Any CPU
		{D8F4C926-4879-484D-994F-2D051FC41AF6}.Release|Any CPU.Build.0 = Release|Any CPU
		{D8F4C926-4879-484D-994F-2D051FC41AF6}.Release|Mixed Platforms.ActiveCfg = Release|Any CPU
		{D8F4C926-4879-484D-994F-2D051FC41AF6}.Release|Mixed Platforms.Build.0 = Release|Any CPU
		{D8F4C926-4879-484D-994F-2D051FC41AF6}.Release|x86.ActiveCfg = Release|Any CPU
	EndGlobalSection
	GlobalSection(SolutionProperties) = preSolution
		HideSolutionNode = FALSE
	EndGlobalSection
EndGlobal
